<Solution>
  <Folder Name="/_SolutionFiles/">
    <File Path=".gitignore" />
    <File Path="Directory.Build.props" />
    <File Path="Directory.Packages.props" />
    <File Path="KNOWLEDGE CHECKS.md" />
    <File Path="LICENSE" />
    <File Path="nuget.config" />
    <File Path="README.md" />
  </Folder>
  <Project Path="UmbracoFundamentals.Models/UmbracoFundamentals.Models.csproj" />
  <Project Path="UmbracoFundamentals.Website/UmbracoFundamentals.Website.csproj" />
</Solution>
