<Solution>
  <Folder Name="/_SolutionFiles/">
    <File Path=".gitignore" />
    <File Path="Directory.Build.props" />
    <File Path="Directory.Packages.props" />
    <File Path="LICENSE" />
    <File Path="README.md" />
  </Folder>
  <Project Path="UmbracoFundamentals/UmbracoFundamentals.csproj" />
</Solution>
